# THIS IS AN AUTOGENERATED FILE. DO NOT EDIT THIS FILE DIRECTLY.
# yarn lockfile v1


"vanilla-tilt@^1.8.0":
  "integrity" "sha512-wVCHyyfRuiRdKhDTNxKPb60lkagmywDSqLgFETEr71Sm646AvGxuf/14Kx9A8FaISyYvMoKQHk6FTqt+YLGhEw=="
  "resolved" "https://registry.npmjs.org/vanilla-tilt/-/vanilla-tilt-1.8.0.tgz"
  "version" "1.8.0"
